
Microsoft Visual Studio Solution File, Format Version 12.00
# Visual Studio Version 16
VisualStudioVersion = 16.0.29306.81
MinimumVisualStudioVersion = 10.0.40219.1
Project("{FAE04EC0-301F-11D3-BF4B-00C04F79EFBC}") = "WordCounter", "WordCounter\WordCounter.csproj", "{7DD20A77-F51F-491C-9B09-891A74E9AD4D}"
EndProject
Global
	GlobalSection(SolutionConfigurationPlatforms) = preSolution
		Debug|Any CPU = Debug|Any CPU
		Release|Any CPU = Release|Any CPU
	EndGlobalSection
	GlobalSection(ProjectConfigurationPlatforms) = postSolution
		{7DD20A77-F51F-491C-9B09-891A74E9AD4D}.Debug|Any CPU.ActiveCfg = Debug|Any CPU
		{7DD20A77-F51F-491C-9B09-891A74E9AD4D}.Debug|Any CPU.Build.0 = Debug|Any CPU
		{7DD20A77-F51F-491C-9B09-891A74E9AD4D}.Release|Any CPU.ActiveCfg = Release|Any CPU
		{7DD20A77-F51F-491C-9B09-891A74E9AD4D}.Release|Any CPU.Build.0 = Release|Any CPU
	EndGlobalSection
	GlobalSection(SolutionProperties) = preSolution
		HideSolutionNode = FALSE
	EndGlobalSection
	GlobalSection(ExtensibilityGlobals) = postSolution
		SolutionGuid = {F5B2901B-5F84-4C1B-957A-EF416F59D87B}
	EndGlobalSection
EndGlobal
